
Microsoft Visual Studio Solution File, Format Version 12.00
# Visual Studio Version 16
VisualStudioVersion = 16.0.31112.23
MinimumVisualStudioVersion = 10.0.40219.1
Project("{FAE04EC0-301F-11D3-BF4B-00C04F79EFBC}") = "ConsoleApp13method", "ConsoleApp13method.csproj", "{8591EF38-B9E4-4EE9-9A9D-1D65CC2FC6BB}"
EndProject
Global
	GlobalSection(SolutionConfigurationPlatforms) = preSolution
		Debug|Any CPU = Debug|Any CPU
		Release|Any CPU = Release|Any CPU
	EndGlobalSection
	GlobalSection(ProjectConfigurationPlatforms) = postSolution
		{8591EF38-B9E4-4EE9-9A9D-1D65CC2FC6BB}.Debug|Any CPU.ActiveCfg = Debug|Any CPU
		{8591EF38-B9E4-4EE9-9A9D-1D65CC2FC6BB}.Debug|Any CPU.Build.0 = Debug|Any CPU
		{8591EF38-B9E4-4EE9-9A9D-1D65CC2FC6BB}.Release|Any CPU.ActiveCfg = Release|Any CPU
		{8591EF38-B9E4-4EE9-9A9D-1D65CC2FC6BB}.Release|Any CPU.Build.0 = Release|Any CPU
	EndGlobalSection
	GlobalSection(SolutionProperties) = preSolution
		HideSolutionNode = FALSE
	EndGlobalSection
	GlobalSection(ExtensibilityGlobals) = postSolution
		SolutionGuid = {BC11F396-7B4B-4F20-AFF2-FD53FB8CD732}
	EndGlobalSection
EndGlobal
