
Microsoft Visual Studio Solution File, Format Version 12.00
# Visual Studio Version 16
VisualStudioVersion = 16.0.31112.23
MinimumVisualStudioVersion = 10.0.40219.1
Project("{FAE04EC0-301F-11D3-BF4B-00C04F79EFBC}") = "ConsoleApp09string", "ConsoleApp09string.csproj", "{DCC755BF-9A18-4ED3-AF96-5D66AF2C591F}"
EndProject
Global
	GlobalSection(SolutionConfigurationPlatforms) = preSolution
		Debug|Any CPU = Debug|Any CPU
		Release|Any CPU = Release|Any CPU
	EndGlobalSection
	GlobalSection(ProjectConfigurationPlatforms) = postSolution
		{DCC755BF-9A18-4ED3-AF96-5D66AF2C591F}.Debug|Any CPU.ActiveCfg = Debug|Any CPU
		{DCC755BF-9A18-4ED3-AF96-5D66AF2C591F}.Debug|Any CPU.Build.0 = Debug|Any CPU
		{DCC755BF-9A18-4ED3-AF96-5D66AF2C591F}.Release|Any CPU.ActiveCfg = Release|Any CPU
		{DCC755BF-9A18-4ED3-AF96-5D66AF2C591F}.Release|Any CPU.Build.0 = Release|Any CPU
	EndGlobalSection
	GlobalSection(SolutionProperties) = preSolution
		HideSolutionNode = FALSE
	EndGlobalSection
	GlobalSection(ExtensibilityGlobals) = postSolution
		SolutionGuid = {CFD374C4-EA3F-4605-8F6F-8C2CFF8D0430}
	EndGlobalSection
EndGlobal
