
Microsoft Visual Studio Solution File, Format Version 12.00
# Visual Studio Version 16
VisualStudioVersion = 16.0.31112.23
MinimumVisualStudioVersion = 10.0.40219.1
Project("{FAE04EC0-301F-11D3-BF4B-00C04F79EFBC}") = "ConsoleApp10StringBuilder", "ConsoleApp10StringBuilder.csproj", "{B0E96D5D-CB8F-4274-8F8F-AC0F049CCDBC}"
EndProject
Global
	GlobalSection(SolutionConfigurationPlatforms) = preSolution
		Debug|Any CPU = Debug|Any CPU
		Release|Any CPU = Release|Any CPU
	EndGlobalSection
	GlobalSection(ProjectConfigurationPlatforms) = postSolution
		{B0E96D5D-CB8F-4274-8F8F-AC0F049CCDBC}.Debug|Any CPU.ActiveCfg = Debug|Any CPU
		{B0E96D5D-CB8F-4274-8F8F-AC0F049CCDBC}.Debug|Any CPU.Build.0 = Debug|Any CPU
		{B0E96D5D-CB8F-4274-8F8F-AC0F049CCDBC}.Release|Any CPU.ActiveCfg = Release|Any CPU
		{B0E96D5D-CB8F-4274-8F8F-AC0F049CCDBC}.Release|Any CPU.Build.0 = Release|Any CPU
	EndGlobalSection
	GlobalSection(SolutionProperties) = preSolution
		HideSolutionNode = FALSE
	EndGlobalSection
	GlobalSection(ExtensibilityGlobals) = postSolution
		SolutionGuid = {7BEAA709-6D5F-4AF1-9EC7-3C2AC0423C4A}
	EndGlobalSection
EndGlobal
